{
  "name": "xhs-chatlab-exporter",
  "version": "0.2.0",
  "lockfileVersion": 3,
  "requires": true,
  "packages": {
    "": {
      "name": "xhs-chatlab-exporter",
      "version": "0.2.0",
      "license": "MIT",
      "bin": {
        "xhs-chat-export": "bin/xhs-chat-export.js",
        "xhs-chat-web": "bin/xhs-chat-web.js"
      },
      "engines": {
        "node": ">=20"
      }
    }
  }
}
